Microsoft Visual Studio Solution File, Format Version 11.00
# Visual Studio 2008

Project("{8474A956-FC16-9CB3-4CA2-840883848B57}") = "雅美_chum", "Assembly-CSharp-firstpass.csproj", "{DA4B88FD-627B-978D-F0D4-F9D3E4297BA3}"
EndProject
Project("{8474A956-FC16-9CB3-4CA2-840883848B57}") = "雅美_chum", "Assembly-CSharp.csproj", "{18445FB2-B4BC-2B7B-4D00-00921C235E77}"
EndProject
Global
	GlobalSection(SolutionConfigurationPlatforms) = preSolution
		Debug|Any CPU = Debug|Any CPU
		Release|Any CPU = Release|Any CPU
	EndGlobalSection
	GlobalSection(ProjectConfigurationPlatforms) = postSolution
		{DA4B88FD-627B-978D-F0D4-F9D3E4297BA3}.Debug|Any CPU.ActiveCfg = Debug|Any CPU
		{DA4B88FD-627B-978D-F0D4-F9D3E4297BA3}.Debug|Any CPU.Build.0 = Debug|Any CPU
		{DA4B88FD-627B-978D-F0D4-F9D3E4297BA3}.Release|Any CPU.ActiveCfg = Release|Any CPU
		{DA4B88FD-627B-978D-F0D4-F9D3E4297BA3}.Release|Any CPU.Build.0 = Release|Any CPU
		{18445FB2-B4BC-2B7B-4D00-00921C235E77}.Debug|Any CPU.ActiveCfg = Debug|Any CPU
		{18445FB2-B4BC-2B7B-4D00-00921C235E77}.Debug|Any CPU.Build.0 = Debug|Any CPU
		{18445FB2-B4BC-2B7B-4D00-00921C235E77}.Release|Any CPU.ActiveCfg = Release|Any CPU
		{18445FB2-B4BC-2B7B-4D00-00921C235E77}.Release|Any CPU.Build.0 = Release|Any CPU
	EndGlobalSection
	GlobalSection(SolutionProperties) = preSolution
		HideSolutionNode = FALSE
	EndGlobalSection
																																																																																																																																																																																																																																																													GlobalSection(MonoDevelopProperties) = preSolution
		StartupItem = Assembly-CSharp.csproj
		Policies = $0
		$0.TextStylePolicy = $1
		$1.inheritsSet = null
		$1.scope = text/x-csharp
		$0.CSharpFormattingPolicy = $2
		$2.inheritsSet = Mono
		$2.inheritsScope = text/x-csharp
		$2.scope = text/x-csharp
		$0.TextStylePolicy = $3
		$3.FileWidth = 120
		$3.TabWidth = 4
		$3.IndentWidth = 4
		$3.EolMarker = Unix
		$3.inheritsSet = Mono
		$3.inheritsScope = text/plain
		$3.scope = text/plain
	EndGlobalSection

EndGlobal
